
Microsoft Visual Studio Solution File, Format Version 12.00
# Visual Studio Version 17
VisualStudioVersion = 17.4.33213.308
MinimumVisualStudioVersion = 10.0.40219.1
Project("{FAE04EC0-301F-11D3-BF4B-00C04F79EFBC}") = "Events", "Events\Events.csproj", "{842BF4D8-D8CD-4FC6-B8C8-CEB2AAFBB578}"
EndProject
Global
	GlobalSection(SolutionConfigurationPlatforms) = preSolution
		Debug|Any CPU = Debug|Any CPU
		Release|Any CPU = Release|Any CPU
	EndGlobalSection
	GlobalSection(ProjectConfigurationPlatforms) = postSolution
		{842BF4D8-D8CD-4FC6-B8C8-CEB2AAFBB578}.Debug|Any CPU.ActiveCfg = Debug|Any CPU
		{842BF4D8-D8CD-4FC6-B8C8-CEB2AAFBB578}.Debug|Any CPU.Build.0 = Debug|Any CPU
		{842BF4D8-D8CD-4FC6-B8C8-CEB2AAFBB578}.Release|Any CPU.ActiveCfg = Release|Any CPU
		{842BF4D8-D8CD-4FC6-B8C8-CEB2AAFBB578}.Release|Any CPU.Build.0 = Release|Any CPU
	EndGlobalSection
	GlobalSection(SolutionProperties) = preSolution
		HideSolutionNode = FALSE
	EndGlobalSection
	GlobalSection(ExtensibilityGlobals) = postSolution
		SolutionGuid = {6A74E46C-AAEF-4CC5-9876-B61BC83E34AF}
	EndGlobalSection
EndGlobal
