
Microsoft Visual Studio Solution File, Format Version 12.00
# Visual Studio Version 17
VisualStudioVersion = 17.4.33213.308
MinimumVisualStudioVersion = 10.0.40219.1
Project("{FAE04EC0-301F-11D3-BF4B-00C04F79EFBC}") = "GoogleInterviewQuestion", "GoogleInterviewQuestion\GoogleInterviewQuestion.csproj", "{7ED07A0F-2D3B-407E-A248-511F3C09DF0B}"
EndProject
Global
	GlobalSection(SolutionConfigurationPlatforms) = preSolution
		Debug|Any CPU = Debug|Any CPU
		Release|Any CPU = Release|Any CPU
	EndGlobalSection
	GlobalSection(ProjectConfigurationPlatforms) = postSolution
		{7ED07A0F-2D3B-407E-A248-511F3C09DF0B}.Debug|Any CPU.ActiveCfg = Debug|Any CPU
		{7ED07A0F-2D3B-407E-A248-511F3C09DF0B}.Debug|Any CPU.Build.0 = Debug|Any CPU
		{7ED07A0F-2D3B-407E-A248-511F3C09DF0B}.Release|Any CPU.ActiveCfg = Release|Any CPU
		{7ED07A0F-2D3B-407E-A248-511F3C09DF0B}.Release|Any CPU.Build.0 = Release|Any CPU
	EndGlobalSection
	GlobalSection(SolutionProperties) = preSolution
		HideSolutionNode = FALSE
	EndGlobalSection
	GlobalSection(ExtensibilityGlobals) = postSolution
		SolutionGuid = {006A5190-A647-4D40-919C-A8651CE30A8C}
	EndGlobalSection
EndGlobal
