
Microsoft Visual Studio Solution File, Format Version 12.00
# Visual Studio Version 17
VisualStudioVersion = 17.5.33424.131
MinimumVisualStudioVersion = 10.0.40219.1
Project("{FAE04EC0-301F-11D3-BF4B-00C04F79EFBC}") = "VeriYapilariLinkedList2", "VeriYapilariLinkedList2\VeriYapilariLinkedList2.csproj", "{9BB20E97-0F1C-40CC-AE37-773E7F98F894}"
EndProject
Global
	GlobalSection(SolutionConfigurationPlatforms) = preSolution
		Debug|Any CPU = Debug|Any CPU
		Release|Any CPU = Release|Any CPU
	EndGlobalSection
	GlobalSection(ProjectConfigurationPlatforms) = postSolution
		{9BB20E97-0F1C-40CC-AE37-773E7F98F894}.Debug|Any CPU.ActiveCfg = Debug|Any CPU
		{9BB20E97-0F1C-40CC-AE37-773E7F98F894}.Debug|Any CPU.Build.0 = Debug|Any CPU
		{9BB20E97-0F1C-40CC-AE37-773E7F98F894}.Release|Any CPU.ActiveCfg = Release|Any CPU
		{9BB20E97-0F1C-40CC-AE37-773E7F98F894}.Release|Any CPU.Build.0 = Release|Any CPU
	EndGlobalSection
	GlobalSection(SolutionProperties) = preSolution
		HideSolutionNode = FALSE
	EndGlobalSection
	GlobalSection(ExtensibilityGlobals) = postSolution
		SolutionGuid = {32D7F5B5-B601-4D91-81A2-573EE78CFA46}
	EndGlobalSection
EndGlobal
