
Microsoft Visual Studio Solution File, Format Version 12.00
# Visual Studio Version 17
VisualStudioVersion = 17.4.33213.308
MinimumVisualStudioVersion = 10.0.40219.1
Project("{FAE04EC0-301F-11D3-BF4B-00C04F79EFBC}") = "PartitionLinkedList", "PartitionLinkedList\PartitionLinkedList.csproj", "{A27A5408-3C6A-4D00-B96A-85BC462596C2}"
EndProject
Global
	GlobalSection(SolutionConfigurationPlatforms) = preSolution
		Debug|Any CPU = Debug|Any CPU
		Release|Any CPU = Release|Any CPU
	EndGlobalSection
	GlobalSection(ProjectConfigurationPlatforms) = postSolution
		{A27A5408-3C6A-4D00-B96A-85BC462596C2}.Debug|Any CPU.ActiveCfg = Debug|Any CPU
		{A27A5408-3C6A-4D00-B96A-85BC462596C2}.Debug|Any CPU.Build.0 = Debug|Any CPU
		{A27A5408-3C6A-4D00-B96A-85BC462596C2}.Release|Any CPU.ActiveCfg = Release|Any CPU
		{A27A5408-3C6A-4D00-B96A-85BC462596C2}.Release|Any CPU.Build.0 = Release|Any CPU
	EndGlobalSection
	GlobalSection(SolutionProperties) = preSolution
		HideSolutionNode = FALSE
	EndGlobalSection
	GlobalSection(ExtensibilityGlobals) = postSolution
		SolutionGuid = {DEBF67B6-C0A5-473E-A859-F400BB5FAC16}
	EndGlobalSection
EndGlobal
