
Microsoft Visual Studio Solution File, Format Version 12.00
# Visual Studio Version 17
VisualStudioVersion = 17.5.33424.131
MinimumVisualStudioVersion = 10.0.40219.1
Project("{FAE04EC0-301F-11D3-BF4B-00C04F79EFBC}") = "YardimEli", "YardimEli\YardimEli.csproj", "{120AFB98-FCA6-4369-84A0-384F7E080A63}"
EndProject
Global
	GlobalSection(SolutionConfigurationPlatforms) = preSolution
		Debug|Any CPU = Debug|Any CPU
		Release|Any CPU = Release|Any CPU
	EndGlobalSection
	GlobalSection(ProjectConfigurationPlatforms) = postSolution
		{120AFB98-FCA6-4369-84A0-384F7E080A63}.Debug|Any CPU.ActiveCfg = Debug|Any CPU
		{120AFB98-FCA6-4369-84A0-384F7E080A63}.Debug|Any CPU.Build.0 = Debug|Any CPU
		{120AFB98-FCA6-4369-84A0-384F7E080A63}.Release|Any CPU.ActiveCfg = Release|Any CPU
		{120AFB98-FCA6-4369-84A0-384F7E080A63}.Release|Any CPU.Build.0 = Release|Any CPU
	EndGlobalSection
	GlobalSection(SolutionProperties) = preSolution
		HideSolutionNode = FALSE
	EndGlobalSection
	GlobalSection(ExtensibilityGlobals) = postSolution
		SolutionGuid = {E5A59D44-05B8-45F9-AAD2-017859C69925}
	EndGlobalSection
EndGlobal
