
Microsoft Visual Studio Solution File, Format Version 12.00
# Visual Studio Version 17
VisualStudioVersion = 17.4.33213.308
MinimumVisualStudioVersion = 10.0.40219.1
Project("{FAE04EC0-301F-11D3-BF4B-00C04F79EFBC}") = "LinkedListCycle", "LinkedListCycle\LinkedListCycle.csproj", "{CA4DF254-5965-4CAE-A3F8-F8BD5EBFA9DB}"
EndProject
Global
	GlobalSection(SolutionConfigurationPlatforms) = preSolution
		Debug|Any CPU = Debug|Any CPU
		Release|Any CPU = Release|Any CPU
	EndGlobalSection
	GlobalSection(ProjectConfigurationPlatforms) = postSolution
		{CA4DF254-5965-4CAE-A3F8-F8BD5EBFA9DB}.Debug|Any CPU.ActiveCfg = Debug|Any CPU
		{CA4DF254-5965-4CAE-A3F8-F8BD5EBFA9DB}.Debug|Any CPU.Build.0 = Debug|Any CPU
		{CA4DF254-5965-4CAE-A3F8-F8BD5EBFA9DB}.Release|Any CPU.ActiveCfg = Release|Any CPU
		{CA4DF254-5965-4CAE-A3F8-F8BD5EBFA9DB}.Release|Any CPU.Build.0 = Release|Any CPU
	EndGlobalSection
	GlobalSection(SolutionProperties) = preSolution
		HideSolutionNode = FALSE
	EndGlobalSection
	GlobalSection(ExtensibilityGlobals) = postSolution
		SolutionGuid = {E1F7844E-0C90-4B7D-BC07-C82BEBA3993A}
	EndGlobalSection
EndGlobal
